{
    "packages": {
        "mTypeLib": {
            "integrity": "sha256-54c81e6ddaabfc8781ee3395606acdf0a207addb1dc8d21eb573e1ad69026263",
            "resolved": "file://C:\\Users\\matan\\.mtype\\registry\\mTypeLib\\0.0.1",
            "version": "0.0.1"
        },
        "mtype-box2d": {
            "integrity": "sha256-c0f06eb0dd2affb9458d64575085edf80ada3dbc885ca37fd52a16a302d9b2ae",
            "resolved": "file://C:\\Users\\matan\\.mtype\\registry\\mtype-box2d\\0.0.1",
            "version": "0.0.1"
        },
        "mtype-entt": {
            "integrity": "sha256-0d582a765004ea8627c87d41285fae6c0a349c4f5128a20ec5a5ad9ee603b82b",
            "resolved": "file://C:\\Users\\matan\\.mtype\\registry\\mtype-entt\\0.0.1",
            "version": "0.0.1"
        },
        "mtype-sfml": {
            "integrity": "sha256-6a35da08ff4f66ca029d248bd0b9fbc7d415d4c52d9d99a4ddb9aa32bc2fcf1f",
            "resolved": "file://C:\\Users\\matan\\.mtype\\registry\\mtype-sfml\\0.0.1",
            "version": "0.0.1"
        }
    },
    "version": 1
}